
Microsoft Visual Studio Solution File, Format Version 12.00
# Visual Studio Version 17
VisualStudioVersion = 17.13.35818.85 d17.13
MinimumVisualStudioVersion = 10.0.40219.1
Project("{FAE04EC0-301F-11D3-BF4B-00C04F79EFBC}") = "Proiect PIU", "Proiect PIU\Proiect PIU.csproj", "{1DDACBF9-20EA-4F5F-AA26-6E69D88413BC}"
EndProject
Global
	GlobalSection(SolutionConfigurationPlatforms) = preSolution
		Debug|Any CPU = Debug|Any CPU
		Release|Any CPU = Release|Any CPU
	EndGlobalSection
	GlobalSection(ProjectConfigurationPlatforms) = postSolution
		{1DDACBF9-20EA-4F5F-AA26-6E69D88413BC}.Debug|Any CPU.ActiveCfg = Debug|Any CPU
		{1DDACBF9-20EA-4F5F-AA26-6E69D88413BC}.Debug|Any CPU.Build.0 = Debug|Any CPU
		{1DDACBF9-20EA-4F5F-AA26-6E69D88413BC}.Release|Any CPU.ActiveCfg = Release|Any CPU
		{1DDACBF9-20EA-4F5F-AA26-6E69D88413BC}.Release|Any CPU.Build.0 = Release|Any CPU
	EndGlobalSection
	GlobalSection(SolutionProperties) = preSolution
		HideSolutionNode = FALSE
	EndGlobalSection
	GlobalSection(ExtensibilityGlobals) = postSolution
		SolutionGuid = {9C8D418A-6F44-4389-A01D-29CF91AE0DE5}
	EndGlobalSection
EndGlobal
